
Microsoft Visual Studio Solution File, Format Version 12.00
# Visual Studio 15
Project("{FAE04EC0-301F-11D3-BF4B-00C04F79EFBC}") = "Assembly-CSharp", "Assembly-CSharp.csproj", "{F1BCAC2F-128A-ECD7-7052-82DCEBB615A3}"
EndProject
Project("{FAE04EC0-301F-11D3-BF4B-00C04F79EFBC}") = "Assembly-CSharp-firstpass", "Assembly-CSharp-firstpass.csproj", "{41C67818-FEDF-3186-7E09-EB8C8154C33A}"
EndProject
Project("{FAE04EC0-301F-11D3-BF4B-00C04F79EFBC}") = "Assembly-CSharp-Editor", "Assembly-CSharp-Editor.csproj", "{75F242C2-F409-2957-D038-71B2D580D9BF}"
EndProject
Global
	GlobalSection(SolutionConfigurationPlatforms) = preSolution
		Debug|Any CPU = Debug|Any CPU
		Release|Any CPU = Release|Any CPU
	EndGlobalSection
	GlobalSection(ProjectConfigurationPlatforms) = postSolution
		{F1BCAC2F-128A-ECD7-7052-82DCEBB615A3}.Debug|Any CPU.ActiveCfg = Debug|Any CPU
		{F1BCAC2F-128A-ECD7-7052-82DCEBB615A3}.Debug|Any CPU.Build.0 = Debug|Any CPU
		{F1BCAC2F-128A-ECD7-7052-82DCEBB615A3}.Release|Any CPU.ActiveCfg = Release|Any CPU
		{F1BCAC2F-128A-ECD7-7052-82DCEBB615A3}.Release|Any CPU.Build.0 = Release|Any CPU
		{41C67818-FEDF-3186-7E09-EB8C8154C33A}.Debug|Any CPU.ActiveCfg = Debug|Any CPU
		{41C67818-FEDF-3186-7E09-EB8C8154C33A}.Debug|Any CPU.Build.0 = Debug|Any CPU
		{41C67818-FEDF-3186-7E09-EB8C8154C33A}.Release|Any CPU.ActiveCfg = Release|Any CPU
		{41C67818-FEDF-3186-7E09-EB8C8154C33A}.Release|Any CPU.Build.0 = Release|Any CPU
		{75F242C2-F409-2957-D038-71B2D580D9BF}.Debug|Any CPU.ActiveCfg = Debug|Any CPU
		{75F242C2-F409-2957-D038-71B2D580D9BF}.Debug|Any CPU.Build.0 = Debug|Any CPU
		{75F242C2-F409-2957-D038-71B2D580D9BF}.Release|Any CPU.ActiveCfg = Release|Any CPU
		{75F242C2-F409-2957-D038-71B2D580D9BF}.Release|Any CPU.Build.0 = Release|Any CPU
	EndGlobalSection
	GlobalSection(SolutionProperties) = preSolution
		HideSolutionNode = FALSE
	EndGlobalSection
EndGlobal
